// !$*UTF8*$!
{
	archiveVersion = 1;
	classes = {
	};
	objectVersion = 56;
	objects = {

/* Begin PBXBuildFile section */
		1DC983722BBFD4FD00390324 /* podcastApp.swift in Sources */ = {isa = PBXBuildFile; fileRef = 1DC983712BBFD4FD00390324 /* podcastApp.swift */; };
		1DC983742BBFD4FD00390324 /* ContentView.swift in Sources */ = {isa = PBXBuildFile; fileRef = 1DC983732BBFD4FD00390324 /* ContentView.swift */; };
		1DC983762BBFD4FE00390324 /* Assets.xcassets in Resources */ = {isa = PBXBuildFile; fileRef = 1DC983752BBFD4FE00390324 /* Assets.xcassets */; };
		1DC983792BBFD4FE00390324 /* Preview Assets.xcassets in Resources */ = {isa = PBXBuildFile; fileRef = 1DC983782BBFD4FE00390324 /* Preview Assets.xcassets */; };
		1DC983832BBFD4FE00390324 /* podcastTests.swift in Sources */ = {isa = PBXBuildFile; fileRef = 1DC983822BBFD4FE00390324 /* podcastTests.swift */; };
		1DC9838D2BBFD4FE00390324 /* podcastUITests.swift in Sources */ = {isa = PBXBuildFile; fileRef = 1DC9838C2BBFD4FE00390324 /* podcastUITests.swift */; };
		1DC9838F2BBFD4FF00390324 /* podcastUITestsLaunchTests.swift in Sources */ = {isa = PBXBuildFile; fileRef = 1DC9838E2BBFD4FF00390324 /* podcastUITestsLaunchTests.swift */; };
/* End PBXBuildFile section */

/* Begin PBXContainerItemProxy section */
		1DC9837F2BBFD4FE00390324 /* PBXContainerItemProxy */ = {
			isa = PBXContainerItemProxy;
			containerPortal = 1DC983662BBFD4FD00390324 /* Project object */;
			proxyType = 1;
			remoteGlobalIDString = 1DC9836D2BBFD4FD00390324;
			remoteInfo = podcast;
		};
		1DC983892BBFD4FE00390324 /* PBXContainerItemProxy */ = {
			isa = PBXContainerItemProxy;
			containerPortal = 1DC983662BBFD4FD00390324 /* Project object */;
			proxyType = 1;
			remoteGlobalIDString = 1DC9836D2BBFD4FD00390324;
			remoteInfo = podcast;
		};
/* End PBXContainerItemProxy section */

/* Begin PBXFileReference section */
		1DC9836E2BBFD4FD00390324 /* podcast.app */ = {isa = PBXFileReference; explicitFileType = wrapper.application; includeInIndex = 0; path = podcast.app; sourceTree = BUILT_PRODUCTS_DIR; };
		1DC983712BBFD4FD00390324 /* podcastApp.swift */ = {isa = PBXFileReference; lastKnownFileType = sourcecode.swift; path = podcastApp.swift; sourceTree = "<group>"; };
		1DC983732BBFD4FD00390324 /* ContentView.swift */ = {isa = PBXFileReference; lastKnownFileType = sourcecode.swift; path = ContentView.swift; sourceTree = "<group>"; };
		1DC983752BBFD4FE00390324 /* Assets.xcassets */ = {isa = PBXFileReference; lastKnownFileType = folder.assetcatalog; path = Assets.xcassets; sourceTree = "<group>"; };
		1DC983782BBFD4FE00390324 /* Preview Assets.xcassets */ = {isa = PBXFileReference; lastKnownFileType = folder.assetcatalog; path = "Preview Assets.xcassets"; sourceTree = "<group>"; };
		1DC9837E2BBFD4FE00390324 /* podcastTests.xctest */ = {isa = PBXFileReference; explicitFileType = wrapper.cfbundle; includeInIndex = 0; path = podcastTests.xctest; sourceTree = BUILT_PRODUCTS_DIR; };
		1DC983822BBFD4FE00390324 /* podcastTests.swift */ = {isa = PBXFileReference; lastKnownFileType = sourcecode.swift; path = podcastTests.swift; sourceTree = "<group>"; };
		1DC983882BBFD4FE00390324 /* podcastUITests.xctest */ = {isa = PBXFileReference; explicitFileType = wrapper.cfbundle; includeInIndex = 0; path = podcastUITests.xctest; sourceTree = BUILT_PRODUCTS_DIR; };
		1DC9838C2BBFD4FE00390324 /* podcastUITests.swift */ = {isa = PBXFileReference; lastKnownFileType = sourcecode.swift; path = podcastUITests.swift; sourceTree = "<group>"; };
		1DC9838E2BBFD4FF00390324 /* podcastUITestsLaunchTests.swift */ = {isa = PBXFileReference; lastKnownFileType = sourcecode.swift; path = podcastUITestsLaunchTests.swift; sourceTree = "<group>"; };
/* End PBXFileReference section */

/* Begin PBXFrameworksBuildPhase section */
		1DC9836B2BBFD4FD00390324 /* Frameworks */ = {
			isa = PBXFrameworksBuildPhase;
			buildActionMask = 2147483647;
			files = (
			);
			runOnlyForDeploymentPostprocessing = 0;
		};
		1DC9837B2BBFD4FE00390324 /* Frameworks */ = {
			isa = PBXFrameworksBuildPhase;
			buildActionMask = 2147483647;
			files = (
			);
			runOnlyForDeploymentPostprocessing = 0;
		};
		1DC983852BBFD4FE00390324 /* Frameworks */ = {
			isa = PBXFrameworksBuildPhase;
			buildActionMask = 2147483647;
			files = (
			);
			runOnlyForDeploymentPostprocessing = 0;
		};
/* End PBXFrameworksBuildPhase section */

/* Begin PBXGroup section */
		1DC983652BBFD4FD00390324 = {
			isa = PBXGroup;
			children = (
				1DC983702BBFD4FD00390324 /* podcast */,
				1DC983812BBFD4FE00390324 /* podcastTests */,
				1DC9838B2BBFD4FE00390324 /* podcastUITests */,
				1DC9836F2BBFD4FD00390324 /* Products */,
			);
			sourceTree = "<group>";
		};
		1DC9836F2BBFD4FD00390324 /* Products */ = {
			isa = PBXGroup;
			children = (
				1DC9836E2BBFD4FD00390324 /* podcast.app */,
				1DC9837E2BBFD4FE00390324 /* podcastTests.xctest */,
				1DC983882BBFD4FE00390324 /* podcastUITests.xctest */,
			);
			name = Products;
			sourceTree = "<group>";
		};
		1DC983702BBFD4FD00390324 /* podcast */ = {
			isa = PBXGroup;
			children = (
				1DC983712BBFD4FD00390324 /* podcastApp.swift */,
				1DC983732BBFD4FD00390324 /* ContentView.swift */,
				1DC983752BBFD4FE00390324 /* Assets.xcassets */,
				1DC983772BBFD4FE00390324 /* Preview Content */,
			);
			path = podcast;
			sourceTree = "<group>";
		};
		1DC983772BBFD4FE00390324 /* Preview Content */ = {
			isa = PBXGroup;
			children = (
				1DC983782BBFD4FE00390324 /* Preview Assets.xcassets */,
			);
			path = "Preview Content";
			sourceTree = "<group>";
		};
		1DC983812BBFD4FE00390324 /* podcastTests */ = {
			isa = PBXGroup;
			children = (
				1DC983822BBFD4FE00390324 /* podcastTests.swift */,
			);
			path = podcastTests;
			sourceTree = "<group>";
		};
		1DC9838B2BBFD4FE00390324 /* podcastUITests */ = {
			isa = PBXGroup;
			children = (
				1DC9838C2BBFD4FE00390324 /* podcastUITests.swift */,
				1DC9838E2BBFD4FF00390324 /* podcastUITestsLaunchTests.swift */,
			);
			path = podcastUITests;
			sourceTree = "<group>";
		};
/* End PBXGroup section */

/* Begin PBXNativeTarget section */
		1DC9836D2BBFD4FD00390324 /* podcast */ = {
			isa = PBXNativeTarget;
			buildConfigurationList = 1DC983922BBFD4FF00390324 /* Build configuration list for PBXNativeTarget "podcast" */;
			buildPhases = (
				1DC9836A2BBFD4FD00390324 /* Sources */,
				1DC9836B2BBFD4FD00390324 /* Frameworks */,
				1DC9836C2BBFD4FD00390324 /* Resources */,
			);
			buildRules = (
			);
			dependencies = (
			);
			name = podcast;
			productName = podcast;
			productReference = 1DC9836E2BBFD4FD00390324 /* podcast.app */;
			productType = "com.apple.product-type.application";
		};
		1DC9837D2BBFD4FE00390324 /* podcastTests */ = {
			isa = PBXNativeTarget;
			buildConfigurationList = 1DC983952BBFD4FF00390324 /* Build configuration list for PBXNativeTarget "podcastTests" */;
			buildPhases = (
				1DC9837A2BBFD4FE00390324 /* Sources */,
				1DC9837B2BBFD4FE00390324 /* Frameworks */,
				1DC9837C2BBFD4FE00390324 /* Resources */,
			);
			buildRules = (
			);
			dependencies = (
				1DC983802BBFD4FE00390324 /* PBXTargetDependency */,
			);
			name = podcastTests;
			productName = podcastTests;
			productReference = 1DC9837E2BBFD4FE00390324 /* podcastTests.xctest */;
			productType = "com.apple.product-type.bundle.unit-test";
		};
		1DC983872BBFD4FE00390324 /* podcastUITests */ = {
			isa = PBXNativeTarget;
			buildConfigurationList = 1DC983982BBFD4FF00390324 /* Build configuration list for PBXNativeTarget "podcastUITests" */;
			buildPhases = (
				1DC983842BBFD4FE00390324 /* Sources */,
				1DC983852BBFD4FE00390324 /* Frameworks */,
				1DC983862BBFD4FE00390324 /* Resources */,
			);
			buildRules = (
			);
			dependencies = (
				1DC9838A2BBFD4FE00390324 /* PBXTargetDependency */,
			);
			name = podcastUITests;
			productName = podcastUITests;
			productReference = 1DC983882BBFD4FE00390324 /* podcastUITests.xctest */;
			productType = "com.apple.product-type.bundle.ui-testing";
		};
/* End PBXNativeTarget section */

/* Begin PBXProject section */
		1DC983662BBFD4FD00390324 /* Project object */ = {
			isa = PBXProject;
			attributes = {
				BuildIndependentTargetsInParallel = 1;
				LastSwiftUpdateCheck = 1530;
				LastUpgradeCheck = 1530;
				TargetAttributes = {
					1DC9836D2BBFD4FD00390324 = {
						CreatedOnToolsVersion = 15.3;
					};
					1DC9837D2BBFD4FE00390324 = {
						CreatedOnToolsVersion = 15.3;
						TestTargetID = 1DC9836D2BBFD4FD00390324;
					};
					1DC983872BBFD4FE00390324 = {
						CreatedOnToolsVersion = 15.3;
						TestTargetID = 1DC9836D2BBFD4FD00390324;
					};
				};
			};
			buildConfigurationList = 1DC983692BBFD4FD00390324 /* Build configuration list for PBXProject "podcast" */;
			compatibilityVersion = "Xcode 14.0";
			developmentRegion = en;
			hasScannedForEncodings = 0;
			knownRegions = (
				en,
				Base,
			);
			mainGroup = 1DC983652BBFD4FD00390324;
			productRefGroup = 1DC9836F2BBFD4FD00390324 /* Products */;
			projectDirPath = "";
			projectRoot = "";
			targets = (
				1DC9836D2BBFD4FD00390324 /* podcast */,
				1DC9837D2BBFD4FE00390324 /* podcastTests */,
				1DC983872BBFD4FE00390324 /* podcastUITests */,
			);
		};
/* End PBXProject section */

/* Begin PBXResourcesBuildPhase section */
		1DC9836C2BBFD4FD00390324 /* Resources */ = {
			isa = PBXResourcesBuildPhase;
			buildActionMask = 2147483647;
			files = (
				1DC983792BBFD4FE00390324 /* Preview Assets.xcassets in Resources */,
				1DC983762BBFD4FE00390324 /* Assets.xcassets in Resources */,
			);
			runOnlyForDeploymentPostprocessing = 0;
		};
		1DC9837C2BBFD4FE00390324 /* Resources */ = {
			isa = PBXResourcesBuildPhase;
			buildActionMask = 2147483647;
			files = (
			);
			runOnlyForDeploymentPostprocessing = 0;
		};
		1DC983862BBFD4FE00390324 /* Resources */ = {
			isa = PBXResourcesBuildPhase;
			buildActionMask = 2147483647;
			files = (
			);
			runOnlyForDeploymentPostprocessing = 0;
		};
/* End PBXResourcesBuildPhase section */

/* Begin PBXSourcesBuildPhase section */
		1DC9836A2BBFD4FD00390324 /* Sources */ = {
			isa = PBXSourcesBuildPhase;
			buildActionMask = 2147483647;
			files = (
				1DC983742BBFD4FD00390324 /* ContentView.swift in Sources */,
				1DC983722BBFD4FD00390324 /* podcastApp.swift in Sources */,
			);
			runOnlyForDeploymentPostprocessing = 0;
		};
		1DC9837A2BBFD4FE00390324 /* Sources */ = {
			isa = PBXSourcesBuildPhase;
			buildActionMask = 2147483647;
			files = (
				1DC983832BBFD4FE00390324 /* podcastTests.swift in Sources */,
			);
			runOnlyForDeploymentPostprocessing = 0;
		};
		1DC983842BBFD4FE00390324 /* Sources */ = {
			isa = PBXSourcesBuildPhase;
			buildActionMask = 2147483647;
			files = (
				1DC9838D2BBFD4FE00390324 /* podcastUITests.swift in Sources */,
				1DC9838F2BBFD4FF00390324 /* podcastUITestsLaunchTests.swift in Sources */,
			);
			runOnlyForDeploymentPostprocessing = 0;
		};
/* End PBXSourcesBuildPhase section */

/* Begin PBXTargetDependency section */
		1DC983802BBFD4FE00390324 /* PBXTargetDependency */ = {
			isa = PBXTargetDependency;
			target = 1DC9836D2BBFD4FD00390324 /* podcast */;
			targetProxy = 1DC9837F2BBFD4FE00390324 /* PBXContainerItemProxy */;
		};
		1DC9838A2BBFD4FE00390324 /* PBXTargetDependency */ = {
			isa = PBXTargetDependency;
			target = 1DC9836D2BBFD4FD00390324 /* podcast */;
			targetProxy = 1DC983892BBFD4FE00390324 /* PBXContainerItemProxy */;
		};
/* End PBXTargetDependency section */

/* Begin XCBuildConfiguration section */
		1DC983902BBFD4FF00390324 /* Debug */ = {
			isa = XCBuildConfiguration;
			buildSettings = {
				ALWAYS_SEARCH_USER_PATHS = NO;
				ASSETCATALOG_COMPILER_GENERATE_SWIFT_ASSET_SYMBOL_EXTENSIONS = YES;
				CLANG_ANALYZER_NONNULL = YES;
				CLANG_ANALYZER_NUMBER_OBJECT_CONVERSION = YES_AGGRESSIVE;
				CLANG_CXX_LANGUAGE_STANDARD = "gnu++20";
				CLANG_ENABLE_MODULES = YES;
				CLANG_ENABLE_OBJC_ARC = YES;
				CLANG_ENABLE_OBJC_WEAK = YES;
				CLANG_WARN_BLOCK_CAPTURE_AUTORELEASING = YES;
				CLANG_WARN_BOOL_CONVERSION = YES;
				CLANG_WARN_COMMA = YES;
				CLANG_WARN_CONSTANT_CONVERSION = YES;
				CLANG_WARN_DEPRECATED_OBJC_IMPLEMENTATIONS = YES;
				CLANG_WARN_DIRECT_OBJC_ISA_USAGE = YES_ERROR;
				CLANG_WARN_DOCUMENTATION_COMMENTS = YES;
				CLANG_WARN_EMPTY_BODY = YES;
				CLANG_WARN_ENUM_CONVERSION = YES;
				CLANG_WARN_INFINITE_RECURSION = YES;
				CLANG_WARN_INT_CONVERSION = YES;
				CLANG_WARN_NON_LITERAL_NULL_CONVERSION = YES;
				CLANG_WARN_OBJC_IMPLICIT_RETAIN_SELF = YES;
				CLANG_WARN_OBJC_LITERAL_CONVERSION = YES;
				CLANG_WARN_OBJC_ROOT_CLASS = YES_ERROR;
				CLANG_WARN_QUOTED_INCLUDE_IN_FRAMEWORK_HEADER = YES;
				CLANG_WARN_RANGE_LOOP_ANALYSIS = YES;
				CLANG_WARN_STRICT_PROTOTYPES = YES;
				CLANG_WARN_SUSPICIOUS_MOVE = YES;
				CLANG_WARN_UNGUARDED_AVAILABILITY = YES_AGGRESSIVE;
				CLANG_WARN_UNREACHABLE_CODE = YES;
				CLANG_WARN__DUPLICATE_METHOD_MATCH = YES;
				COPY_PHASE_STRIP = NO;
				DEBUG_INFORMATION_FORMAT = dwarf;
				ENABLE_STRICT_OBJC_MSGSEND = YES;
				ENABLE_TESTABILITY = YES;
				ENABLE_USER_SCRIPT_SANDBOXING = YES;
				GCC_C_LANGUAGE_STANDARD = gnu17;
				GCC_DYNAMIC_NO_PIC = NO;
				GCC_NO_COMMON_BLOCKS = YES;
				GCC_OPTIMIZATION_LEVEL = 0;
				GCC_PREPROCESSOR_DEFINITIONS = (
					"DEBUG=1",
					"$(inherited)",
				);
				GCC_WARN_64_TO_32_BIT_CONVERSION = YES;
				GCC_WARN_ABOUT_RETURN_TYPE = YES_ERROR;
				GCC_WARN_UNDECLARED_SELECTOR = YES;
				GCC_WARN_UNINITIALIZED_AUTOS = YES_AGGRESSIVE;
				GCC_WARN_UNUSED_FUNCTION = YES;
				GCC_WARN_UNUSED_VARIABLE = YES;
				IPHONEOS_DEPLOYMENT_TARGET = 17.4;
				LOCALIZATION_PREFERS_STRING_CATALOGS = YES;
				MTL_ENABLE_DEBUG_INFO = INCLUDE_SOURCE;
				MTL_FAST_MATH = YES;
				ONLY_ACTIVE_ARCH = YES;
				SDKROOT = iphoneos;
				SWIFT_ACTIVE_COMPILATION_CONDITIONS = "DEBUG $(inherited)";
				SWIFT_OPTIMIZATION_LEVEL = "-Onone";
			};
			name = Debug;
		};
		1DC983912BBFD4FF00390324 /* Release */ = {
			isa = XCBuildConfiguration;
			buildSettings = {
				ALWAYS_SEARCH_USER_PATHS = NO;
				ASSETCATALOG_COMPILER_GENERATE_SWIFT_ASSET_SYMBOL_EXTENSIONS = YES;
				CLANG_ANALYZER_NONNULL = YES;
				CLANG_ANALYZER_NUMBER_OBJECT_CONVERSION = YES_AGGRESSIVE;
				CLANG_CXX_LANGUAGE_STANDARD = "gnu++20";
				CLANG_ENABLE_MODULES = YES;
				CLANG_ENABLE_OBJC_ARC = YES;
				CLANG_ENABLE_OBJC_WEAK = YES;
				CLANG_WARN_BLOCK_CAPTURE_AUTORELEASING = YES;
				CLANG_WARN_BOOL_CONVERSION = YES;
				CLANG_WARN_COMMA = YES;
				CLANG_WARN_CONSTANT_CONVERSION = YES;
				CLANG_WARN_DEPRECATED_OBJC_IMPLEMENTATIONS = YES;
				CLANG_WARN_DIRECT_OBJC_ISA_USAGE = YES_ERROR;
				CLANG_WARN_DOCUMENTATION_COMMENTS = YES;
				CLANG_WARN_EMPTY_BODY = YES;
				CLANG_WARN_ENUM_CONVERSION = YES;
				CLANG_WARN_INFINITE_RECURSION = YES;
				CLANG_WARN_INT_CONVERSION = YES;
				CLANG_WARN_NON_LITERAL_NULL_CONVERSION = YES;
				CLANG_WARN_OBJC_IMPLICIT_RETAIN_SELF = YES;
				CLANG_WARN_OBJC_LITERAL_CONVERSION = YES;
				CLANG_WARN_OBJC_ROOT_CLASS = YES_ERROR;
				CLANG_WARN_QUOTED_INCLUDE_IN_FRAMEWORK_HEADER = YES;
				CLANG_WARN_RANGE_LOOP_ANALYSIS = YES;
				CLANG_WARN_STRICT_PROTOTYPES = YES;
				CLANG_WARN_SUSPICIOUS_MOVE = YES;
				CLANG_WARN_UNGUARDED_AVAILABILITY = YES_AGGRESSIVE;
				CLANG_WARN_UNREACHABLE_CODE = YES;
				CLANG_WARN__DUPLICATE_METHOD_MATCH = YES;
				COPY_PHASE_STRIP = NO;
				DEBUG_INFORMATION_FORMAT = "dwarf-with-dsym";
				ENABLE_NS_ASSERTIONS = NO;
				ENABLE_STRICT_OBJC_MSGSEND = YES;
				ENABLE_USER_SCRIPT_SANDBOXING = YES;
				GCC_C_LANGUAGE_STANDARD = gnu17;
				GCC_NO_COMMON_BLOCKS = YES;
				GCC_WARN_64_TO_32_BIT_CONVERSION = YES;
				GCC_WARN_ABOUT_RETURN_TYPE = YES_ERROR;
				GCC_WARN_UNDECLARED_SELECTOR = YES;
				GCC_WARN_UNINITIALIZED_AUTOS = YES_AGGRESSIVE;
				GCC_WARN_UNUSED_FUNCTION = YES;
				GCC_WARN_UNUSED_VARIABLE = YES;
				IPHONEOS_DEPLOYMENT_TARGET = 17.4;
				LOCALIZATION_PREFERS_STRING_CATALOGS = YES;
				MTL_ENABLE_DEBUG_INFO = NO;
				MTL_FAST_MATH = YES;
				SDKROOT = iphoneos;
				SWIFT_COMPILATION_MODE = wholemodule;
				VALIDATE_PRODUCT = YES;
			};
			name = Release;
		};
		1DC983932BBFD4FF00390324 /* Debug */ = {
			isa = XCBuildConfiguration;
			buildSettings = {
				ASSETCATALOG_COMPILER_APPICON_NAME = AppIcon;
				ASSETCATALOG_COMPILER_GLOBAL_ACCENT_COLOR_NAME = AccentColor;
				CODE_SIGN_STYLE = Automatic;
				CURRENT_PROJECT_VERSION = 1;
				DEVELOPMENT_ASSET_PATHS = "\"podcast/Preview Content\"";
				DEVELOPMENT_TEAM = Y835BL7LB7;
				ENABLE_PREVIEWS = YES;
				GENERATE_INFOPLIST_FILE = YES;
				INFOPLIST_KEY_UIApplicationSceneManifest_Generation = YES;
				INFOPLIST_KEY_UIApplicationSupportsIndirectInputEvents = YES;
				INFOPLIST_KEY_UILaunchScreen_Generation = YES;
				INFOPLIST_KEY_UISupportedInterfaceOrientations_iPad = "UIInterfaceOrientationPortrait UIInterfaceOrientationPortraitUpsideDown UIInterfaceOrientationLandscapeLeft UIInterfaceOrientationLandscapeRight";
				INFOPLIST_KEY_UISupportedInterfaceOrientations_iPhone = "UIInterfaceOrientationPortrait UIInterfaceOrientationLandscapeLeft UIInterfaceOrientationLandscapeRight";
				LD_RUNPATH_SEARCH_PATHS = (
					"$(inherited)",
					"@executable_path/Frameworks",
				);
				MARKETING_VERSION = 1.0;
				PRODUCT_BUNDLE_IDENTIFIER = com.Leesu.podcast;
				PRODUCT_NAME = "$(TARGET_NAME)";
				SWIFT_EMIT_LOC_STRINGS = YES;
				SWIFT_VERSION = 5.0;
				TARGETED_DEVICE_FAMILY = "1,2";
			};
			name = Debug;
		};
		1DC983942BBFD4FF00390324 /* Release */ = {
			isa = XCBuildConfiguration;
			buildSettings = {
				ASSETCATALOG_COMPILER_APPICON_NAME = AppIcon;
				ASSETCATALOG_COMPILER_GLOBAL_ACCENT_COLOR_NAME = AccentColor;
				CODE_SIGN_STYLE = Automatic;
				CURRENT_PROJECT_VERSION = 1;
				DEVELOPMENT_ASSET_PATHS = "\"podcast/Preview Content\"";
				DEVELOPMENT_TEAM = Y835BL7LB7;
				ENABLE_PREVIEWS = YES;
				GENERATE_INFOPLIST_FILE = YES;
				INFOPLIST_KEY_UIApplicationSceneManifest_Generation = YES;
				INFOPLIST_KEY_UIApplicationSupportsIndirectInputEvents = YES;
				INFOPLIST_KEY_UILaunchScreen_Generation = YES;
				INFOPLIST_KEY_UISupportedInterfaceOrientations_iPad = "UIInterfaceOrientationPortrait UIInterfaceOrientationPortraitUpsideDown UIInterfaceOrientationLandscapeLeft UIInterfaceOrientationLandscapeRight";
				INFOPLIST_KEY_UISupportedInterfaceOrientations_iPhone = "UIInterfaceOrientationPortrait UIInterfaceOrientationLandscapeLeft UIInterfaceOrientationLandscapeRight";
				LD_RUNPATH_SEARCH_PATHS = (
					"$(inherited)",
					"@executable_path/Frameworks",
				);
				MARKETING_VERSION = 1.0;
				PRODUCT_BUNDLE_IDENTIFIER = com.Leesu.podcast;
				PRODUCT_NAME = "$(TARGET_NAME)";
				SWIFT_EMIT_LOC_STRINGS = YES;
				SWIFT_VERSION = 5.0;
				TARGETED_DEVICE_FAMILY = "1,2";
			};
			name = Release;
		};
		1DC983962BBFD4FF00390324 /* Debug */ = {
			isa = XCBuildConfiguration;
			buildSettings = {
				ALWAYS_EMBED_SWIFT_STANDARD_LIBRARIES = YES;
				BUNDLE_LOADER = "$(TEST_HOST)";
				CODE_SIGN_STYLE = Automatic;
				CURRENT_PROJECT_VERSION = 1;
				DEVELOPMENT_TEAM = Y835BL7LB7;
				GENERATE_INFOPLIST_FILE = YES;
				IPHONEOS_DEPLOYMENT_TARGET = 17.4;
				MARKETING_VERSION = 1.0;
				PRODUCT_BUNDLE_IDENTIFIER = com.Leesu.podcastTests;
				PRODUCT_NAME = "$(TARGET_NAME)";
				SWIFT_EMIT_LOC_STRINGS = NO;
				SWIFT_VERSION = 5.0;
				TARGETED_DEVICE_FAMILY = "1,2";
				TEST_HOST = "$(BUILT_PRODUCTS_DIR)/podcast.app/$(BUNDLE_EXECUTABLE_FOLDER_PATH)/podcast";
			};
			name = Debug;
		};
		1DC983972BBFD4FF00390324 /* Release */ = {
			isa = XCBuildConfiguration;
			buildSettings = {
				ALWAYS_EMBED_SWIFT_STANDARD_LIBRARIES = YES;
				BUNDLE_LOADER = "$(TEST_HOST)";
				CODE_SIGN_STYLE = Automatic;
				CURRENT_PROJECT_VERSION = 1;
				DEVELOPMENT_TEAM = Y835BL7LB7;
				GENERATE_INFOPLIST_FILE = YES;
				IPHONEOS_DEPLOYMENT_TARGET = 17.4;
				MARKETING_VERSION = 1.0;
				PRODUCT_BUNDLE_IDENTIFIER = com.Leesu.podcastTests;
				PRODUCT_NAME = "$(TARGET_NAME)";
				SWIFT_EMIT_LOC_STRINGS = NO;
				SWIFT_VERSION = 5.0;
				TARGETED_DEVICE_FAMILY = "1,2";
				TEST_HOST = "$(BUILT_PRODUCTS_DIR)/podcast.app/$(BUNDLE_EXECUTABLE_FOLDER_PATH)/podcast";
			};
			name = Release;
		};
		1DC983992BBFD4FF00390324 /* Debug */ = {
			isa = XCBuildConfiguration;
			buildSettings = {
				ALWAYS_EMBED_SWIFT_STANDARD_LIBRARIES = YES;
				CODE_SIGN_STYLE = Automatic;
				CURRENT_PROJECT_VERSION = 1;
				DEVELOPMENT_TEAM = Y835BL7LB7;
				GENERATE_INFOPLIST_FILE = YES;
				MARKETING_VERSION = 1.0;
				PRODUCT_BUNDLE_IDENTIFIER = com.Leesu.podcastUITests;
				PRODUCT_NAME = "$(TARGET_NAME)";
				SWIFT_EMIT_LOC_STRINGS = NO;
				SWIFT_VERSION = 5.0;
				TARGETED_DEVICE_FAMILY = "1,2";
				TEST_TARGET_NAME = podcast;
			};
			name = Debug;
		};
		1DC9839A2BBFD4FF00390324 /* Release */ = {
			isa = XCBuildConfiguration;
			buildSettings = {
				ALWAYS_EMBED_SWIFT_STANDARD_LIBRARIES = YES;
				CODE_SIGN_STYLE = Automatic;
				CURRENT_PROJECT_VERSION = 1;
				DEVELOPMENT_TEAM = Y835BL7LB7;
				GENERATE_INFOPLIST_FILE = YES;
				MARKETING_VERSION = 1.0;
				PRODUCT_BUNDLE_IDENTIFIER = com.Leesu.podcastUITests;
				PRODUCT_NAME = "$(TARGET_NAME)";
				SWIFT_EMIT_LOC_STRINGS = NO;
				SWIFT_VERSION = 5.0;
				TARGETED_DEVICE_FAMILY = "1,2";
				TEST_TARGET_NAME = podcast;
			};
			name = Release;
		};
/* End XCBuildConfiguration section */

/* Begin XCConfigurationList section */
		1DC983692BBFD4FD00390324 /* Build configuration list for PBXProject "podcast" */ = {
			isa = XCConfigurationList;
			buildConfigurations = (
				1DC983902BBFD4FF00390324 /* Debug */,
				1DC983912BBFD4FF00390324 /* Release */,
			);
			defaultConfigurationIsVisible = 0;
			defaultConfigurationName = Release;
		};
		1DC983922BBFD4FF00390324 /* Build configuration list for PBXNativeTarget "podcast" */ = {
			isa = XCConfigurationList;
			buildConfigurations = (
				1DC983932BBFD4FF00390324 /* Debug */,
				1DC983942BBFD4FF00390324 /* Release */,
			);
			defaultConfigurationIsVisible = 0;
			defaultConfigurationName = Release;
		};
		1DC983952BBFD4FF00390324 /* Build configuration list for PBXNativeTarget "podcastTests" */ = {
			isa = XCConfigurationList;
			buildConfigurations = (
				1DC983962BBFD4FF00390324 /* Debug */,
				1DC983972BBFD4FF00390324 /* Release */,
			);
			defaultConfigurationIsVisible = 0;
			defaultConfigurationName = Release;
		};
		1DC983982BBFD4FF00390324 /* Build configuration list for PBXNativeTarget "podcastUITests" */ = {
			isa = XCConfigurationList;
			buildConfigurations = (
				1DC983992BBFD4FF00390324 /* Debug */,
				1DC9839A2BBFD4FF00390324 /* Release */,
			);
			defaultConfigurationIsVisible = 0;
			defaultConfigurationName = Release;
		};
/* End XCConfigurationList section */
	};
	rootObject = 1DC983662BBFD4FD00390324 /* Project object */;
}
